version = 1
revision = 3
requires-python = "==3.12.*"

[[package]]
name = "anyio"
version = "4.14.2"
source = { registry = "https://pypi.org/simple" }
dependencies = [
    { name = "idna" },
    { name = "typing-extensions" },
]
sdist = { url = "https://files.pythonhosted.org/packages/61/cc/a381afa6efea9f496eff839d4a6a1aed3bfafc7b3ab4b0d1b243a12573dd/anyio-4.14.2.tar.gz", hash = "sha256:cfa139f3ed1a23ee8f88a145ddb5ac7605b8bbfd8592baacd7ce3d8bb4313c7f", size = 260176, upload-time = "2026-07-12T20:29:07.082Z" }
wheels = [
    { url = "https://files.pythonhosted.org/packages/da/35/f2287558c17e29fafc8ef3daf819bb9834061cfa43bff8014f7df7f63bdc/anyio-4.14.2-py3-none-any.whl", hash = "sha256:9f505dda5ac9f0c8309b5e8bd445a8c2bf7246f3ce950121e45ea15bc41d1494", size = 125813, upload-time = "2026-07-12T20:29:05.763Z" },
]

[[package]]
name = "certifi"
version = "2026.7.22"
source = { registry = "https://pypi.org/simple" }
sdist = { url = "https://files.pythonhosted.org/packages/a3/c2/24167ea9858356b47a87a50d39908bfdb72ceeefe0041586e704e5376b3a/certifi-2026.7.22.tar.gz", hash = "sha256:741e2c3b351ddf169a738da9f2c048608ff7f2c5cc02f1ebc6b118bb090d5d55", size = 138112, upload-time = "2026-07-22T03:35:12.644Z" }
wheels = [
    { url = "https://files.pythonhosted.org/packages/0b/a7/71ac2cff56fec219ed242bb11b8efb69fcc4bec75db06fb7bfe35de520e6/certifi-2026.7.22-py3-none-any.whl", hash = "sha256:62f22742b58a1a33014a2b6b706588a8d7e2a88ae7bd1a6ebe8c992928483775", size = 136983, upload-time = "2026-07-22T03:35:11.276Z" },
]

[[package]]
name = "colorama"
version = "0.4.6"
source = { registry = "https://pypi.org/simple" }
sdist = { url = "https://files.pythonhosted.org/packages/d8/53/6f443c9a4a8358a93a6792e2acffb9d9d5cb0a5cfd8802644b7b1c9a02e4/colorama-0.4.6.tar.gz", hash = "sha256:08695f5cb7ed6e0531a20572697297273c47b8cae5a63ffc6d6ed5c201be6e44", size = 27697, upload-time = "2022-10-25T02:36:22.414Z" }
wheels = [
    { url = "https://files.pythonhosted.org/packages/d1/d6/3965ed04c63042e047cb6a3e6ed1a63a35087b6a609aa3a15ed8ac56c221/colorama-0.4.6-py2.py3-none-any.whl", hash = "sha256:4f1d9991f5acc0ca119f9d443620b77f9d6b33703e51011c16baf57afb285fc6", size = 25335, upload-time = "2022-10-25T02:36:20.889Z" },
]

[[package]]
name = "duckdb"
version = "1.5.5"
source = { registry = "https://pypi.org/simple" }
sdist = { url = "https://files.pythonhosted.org/packages/7d/19/e57151753576373c6696a12022648546cca6038e8833fda2908ee2342d9b/duckdb-1.5.5.tar.gz", hash = "sha256:72f33ee57ca7595b23957671a2cc7f7fe2be0ecc2d68f63abedcfcaa3a5c1238", size = 18066741, upload-time = "2026-07-22T10:55:17.819Z" }
wheels = [
    { url = "https://files.pythonhosted.org/packages/d6/40/2e05d324400fdaa5656c9f48d6298da421cb034d85e509fa0e6e325cf04b/duckdb-1.5.5-cp312-cp312-macosx_10_13_universal2.whl", hash = "sha256:d4dd65f8941a604b947e0b9b4b4f7165988e29a23ec0b69b4038520956d9933e", size = 32753858, upload-time = "2026-07-22T10:54:05.514Z" },
    { url = "https://files.pythonhosted.org/packages/79/15/5ceb58ffb5bb8a62b3fd7abb39c41467cdf94850ece02e6d88664dfc75ce/duckdb-1.5.5-cp312-cp312-macosx_10_13_x86_64.whl", hash = "sha256:33db46679b071f108d57139493dee2d37e1f5efcf5c5c039c2969eed11a6c8a7", size = 17368293, upload-time = "2026-07-22T10:54:09.139Z" },
    { url = "https://files.pythonhosted.org/packages/bf/5c/bf02da0b354fe83cca4f95a4fbf762181af466f7d551ab2a093f7698882a/duckdb-1.5.5-cp312-cp312-macosx_11_0_arm64.whl", hash = "sha256:f0b88535a5d86fdd63dba6ea02ab68c003dfb9e4892b11256ef24c4da208baae", size = 15509131, upload-time = "2026-07-22T10:54:12.228Z" },
    { url = "https://files.pythonhosted.org/packages/ea/a9/5f1f09da421d8e930e0b063d11c1b3f90363f40ede74438cd188afdd13a2/duckdb-1.5.5-cp312-cp312-manylinux_2_26_aarch64.manylinux_2_28_aarch64.whl", hash = "sha256:f316eae2323d9a851883fdf2dee91c1f9efe251ab33e14a2272f82a913422ed6", size = 19391959, upload-time = "2026-07-22T10:54:15.551Z" },
    { url = "https://files.pythonhosted.org/packages/4f/98/6549769f158126fa64fd6c1ac2eb59a18282146c939867a3eb31b7c1db07/duckdb-1.5.5-cp312-cp312-manylinux_2_26_x86_64.manylinux_2_28_x86_64.whl", hash = "sha256:7a6d2d11859d82a936ebdcb30ce3d8a1cbb3e990bff05c12abb9b54c44fa7bd1", size = 21510909, upload-time = "2026-07-22T10:54:19.681Z" },
    { url = "https://files.pythonhosted.org/packages/af/b7/5753b41d3124838f868f9f523362812d9fc45409e9e4dd70dcbb0a25826e/duckdb-1.5.5-cp312-cp312-win_amd64.whl", hash = "sha256:ddfbdb096c11d51ee22492397d342c90a82e62c5d09961477895934d0a25372f", size = 13168544, upload-time = "2026-07-22T10:54:22.789Z" },
    { url = "https://files.pythonhosted.org/packages/5c/28/44b679c7d46245f8398feae7edac959d1b83d4eb143e25b3fce0630b78bd/duckdb-1.5.5-cp312-cp312-win_arm64.whl", hash = "sha256:2725d2b9ace3a4e75d72fc5a239f6a44b502c580edadb8fb2676db772c5f9282", size = 13988684, upload-time = "2026-07-22T10:54:26.003Z" },
]

[[package]]
name = "h11"
version = "0.16.0"
source = { registry = "https://pypi.org/simple" }
sdist = { url = "https://files.pythonhosted.org/packages/01/ee/02a2c011bdab74c6fb3c75474d40b3052059d95df7e73351460c8588d963/h11-0.16.0.tar.gz", hash = "sha256:4e35b956cf45792e4caa5885e69fba00bdbc6ffafbfa020300e549b208ee5ff1", size = 101250, upload-time = "2025-04-24T03:35:25.427Z" }
wheels = [
    { url = "https://files.pythonhosted.org/packages/04/4b/29cac41a4d98d144bf5f6d33995617b185d14b22401f75ca86f384e87ff1/h11-0.16.0-py3-none-any.whl", hash = "sha256:63cf8bbe7522de3bf65932fda1d9c2772064ffb3dae62d55932da54b31cb6c86", size = 37515, upload-time = "2025-04-24T03:35:24.344Z" },
]

[[package]]
name = "hindsight"
version = "0.1.0"
source = { editable = "." }
dependencies = [
    { name = "duckdb" },
    { name = "httpx" },
    { name = "ijson" },
    { name = "pyarrow" },
]

[package.dev-dependencies]
dev = [
    { name = "pytest" },
]

[package.metadata]
requires-dist = [
    { name = "duckdb", specifier = ">=1.5.5" },
    { name = "httpx", specifier = ">=0.28.1" },
    { name = "ijson", specifier = ">=3.5.1" },
    { name = "pyarrow", specifier = ">=25.0.1" },
]

[package.metadata.requires-dev]
dev = [{ name = "pytest", specifier = ">=9.1.1" }]

[[package]]
name = "httpcore"
version = "1.0.9"
source = { registry = "https://pypi.org/simple" }
dependencies = [
    { name = "certifi" },
    { name = "h11" },
]
sdist = { url = "https://files.pythonhosted.org/packages/06/94/82699a10bca87a5556c9c59b5963f2d039dbd239f25bc2a63907a05a14cb/httpcore-1.0.9.tar.gz", hash = "sha256:6e34463af53fd2ab5d807f399a9b45ea31c3dfa2276f15a2c3f00afff6e176e8", size = 85484, upload-time = "2025-04-24T22:06:22.219Z" }
wheels = [
    { url = "https://files.pythonhosted.org/packages/7e/f5/f66802a942d491edb555dd61e3a9961140fd64c90bce1eafd741609d334d/httpcore-1.0.9-py3-none-any.whl", hash = "sha256:2d400746a40668fc9dec9810239072b40b4484b640a8c38fd654a024c7a1bf55", size = 78784, upload-time = "2025-04-24T22:06:20.566Z" },
]

[[package]]
name = "httpx"
version = "0.28.1"
source = { registry = "https://pypi.org/simple" }
dependencies = [
    { name = "anyio" },
    { name = "certifi" },
    { name = "httpcore" },
    { name = "idna" },
]
sdist = { url = "https://files.pythonhosted.org/packages/b1/df/48c586a5fe32a0f01324ee087459e112ebb7224f646c0b5023f5e79e9956/httpx-0.28.1.tar.gz", hash = "sha256:75e98c5f16b0f35b567856f597f06ff2270a374470a5c2392242528e3e3e42fc", size = 141406, upload-time = "2024-12-06T15:37:23.222Z" }
wheels = [
    { url = "https://files.pythonhosted.org/packages/2a/39/e50c7c3a983047577ee07d2a9e53faf5a69493943ec3f6a384bdc792deb2/httpx-0.28.1-py3-none-any.whl", hash = "sha256:d909fcccc110f8c7faf814ca82a9a4d816bc5a6dbfea25d6591d6985b8ba59ad", size = 73517, upload-time = "2024-12-06T15:37:21.509Z" },
]

[[package]]
name = "idna"
version = "3.18"
source = { registry = "https://pypi.org/simple" }
sdist = { url = "https://files.pythonhosted.org/packages/cd/63/9496c57188a2ee585e0f1db071d75089a11e98aa86eb99d9d7618fc1edce/idna-3.18.tar.gz", hash = "sha256:ffb385a7e039654cef1ab9ef32c6fafe283c0c0467bba1d9029738ce4a14a848", size = 196711, upload-time = "2026-06-02T14:34:07.794Z" }
wheels = [
    { url = "https://files.pythonhosted.org/packages/1e/5e/d4e9f1a599fb8e573b7b87160658329fbf28d19eac2718f51fc3def3aa5a/idna-3.18-py3-none-any.whl", hash = "sha256:7f952cbe720b688055e3f87de14f5c3e5fdaa8bc3928985c4077ca689de849a2", size = 65455, upload-time = "2026-06-02T14:34:06.319Z" },
]

[[package]]
name = "ijson"
version = "3.5.1"
source = { registry = "https://pypi.org/simple" }
sdist = { url = "https://files.pythonhosted.org/packages/3a/06/b31f040a8764336a11152e474a7abcb3782fedb0d1cdf78f442b82878c56/ijson-3.5.1.tar.gz", hash = "sha256:af40bd1a85f55db0b8b30715c858761306bd92d5590148636f75c3309e6e76bd", size = 69913, upload-time = "2026-07-06T17:37:42.923Z" }
wheels = [
    { url = "https://files.pythonhosted.org/packages/5b/6e/f3ded1ebb85ccc89a30f7b10a0076f30db70ae1d1e0b6423ff93c57b7539/ijson-3.5.1-cp312-cp312-macosx_10_13_universal2.whl", hash = "sha256:ee60c7741012671867678eae71c51872cac938b76f3d4ca40a778e6c361774d2", size = 88643, upload-time = "2026-07-06T17:36:28.529Z" },
    { url = "https://files.pythonhosted.org/packages/ee/f2/18f14a1d79ef4898e746b4f50dcdbe60abab317cc2bd8390f043b9553c4e/ijson-3.5.1-cp312-cp312-macosx_10_13_x86_64.whl", hash = "sha256:11c1d7d36a13054b5872ecd5d745dc4009d9abdbcba2312de69e66c2f92a46d2", size = 60611, upload-time = "2026-07-06T17:36:29.597Z" },
    { url = "https://files.pythonhosted.org/packages/30/c7/6e3e591324fd4c7a7a9e1bc23548bacbd84c0d91766b71f09f13e945e7e9/ijson-3.5.1-cp312-cp312-macosx_11_0_arm64.whl", hash = "sha256:b9517efbe6604bce16f3e50d49b0cd1bdc58917f98cf2eab026599c5c0422991", size = 60447, upload-time = "2026-07-06T17:36:30.747Z" },
    { url = "https://files.pythonhosted.org/packages/4d/a5/9af7be670381ddac26dd55107ed0110b50f5161673b053311db67f510dcc/ijson-3.5.1-cp312-cp312-manylinux1_i686.manylinux_2_28_i686.manylinux_2_5_i686.whl", hash = "sha256:ea4fd7bec203a600b1cc88a492dfe6b75ce4b1b87488a66adcd5406022213f64", size = 139092, upload-time = "2026-07-06T17:36:31.749Z" },
    { url = "https://files.pythonhosted.org/packages/41/fb/f9c1664d75467453e6bd4e5f9cd2211b730b09e049445ab64cbac68cc6a3/ijson-3.5.1-cp312-cp312-manylinux2014_aarch64.manylinux_2_17_aarch64.manylinux_2_28_aarch64.whl", hash = "sha256:350caea815e53151994b597abc80cf669454276b5ac6aadcec69ef6d48f7e90b", size = 149921, upload-time = "2026-07-06T17:36:32.912Z" },
    { url = "https://files.pythonhosted.org/packages/43/80/d20b1c49c4aa7cc6644131e2e57192b45346ef4816566ed1cd9fd05bae38/ijson-3.5.1-cp312-cp312-manylinux2014_x86_64.manylinux_2_17_x86_64.manylinux_2_28_x86_64.whl", hash = "sha256:e4fcebfe1685bb7ba06a8255a5d428ea6b4b895d7acf979cb637d8bbc9db2f47", size = 149848, upload-time = "2026-07-06T17:36:34.032Z" },
    { url = "https://files.pythonhosted.org/packages/fd/fc/5baa710869f5ab939e6233583ced1546889b55c35f35b844c518ac10abc3/ijson-3.5.1-cp312-cp312-musllinux_1_2_aarch64.whl", hash = "sha256:d78f362f51c8691798758a9e6ac3c9d385ee1228cb82987c91562a2fae235cd3", size = 150810, upload-time = "2026-07-06T17:36:35.19Z" },
    { url = "https://files.pythonhosted.org/packages/54/16/a12b3d987a5c1677b04557c6f9b9feb7e04b7d4171e9a344856cb9136e9b/ijson-3.5.1-cp312-cp312-musllinux_1_2_i686.whl", hash = "sha256:0b184180d45f85fd4479659582749b109e49f4a29c21ac700ccc9c2280fe015e", size = 142989, upload-time = "2026-07-06T17:36:36.23Z" },
    { url = "https://files.pythonhosted.org/packages/ed/63/1026c535671fc334fc85aeb78f0945c825e7a338575edc753c0f455459ae/ijson-3.5.1-cp312-cp312-musllinux_1_2_x86_64.whl", hash = "sha256:e353891d33a2e6aa5caf72c2a5fbadd7a46f5f9b32dcfd0c84113b2444c255b8", size = 151702, upload-time = "2026-07-06T17:36:37.296Z" },
    { url = "https://files.pythonhosted.org/packages/cb/af/b58aa3a2bf4d31c388ea78b49826605f60932891ce97e404d196766b4ea3/ijson-3.5.1-cp312-cp312-win32.whl", hash = "sha256:936f28671f018f8ac4d3f003ae9fa01d0467ab4ef4cfd0c97f23beda485b61c6", size = 52613, upload-time = "2026-07-06T17:36:38.345Z" },
    { url = "https://files.pythonhosted.org/packages/04/66/ce70a92949c2a753dad91fdd5761dc14f3a44517e80cfc3c26612982ed61/ijson-3.5.1-cp312-cp312-win_amd64.whl", hash = "sha256:322c783f3ee0c6b383bbd4db88370b10172168808cc2a0bf811f1253f7435602", size = 54729, upload-time = "2026-07-06T17:36:39.337Z" },
    { url = "https://files.pythonhosted.org/packages/a5/ff/e17784240c9cf1d58de2f2853ebaf9cc54f6bce117a1f12a6150bbb4a5aa/ijson-3.5.1-cp312-cp312-win_arm64.whl", hash = "sha256:e2ac204b59f09e38e16d277f906240e9fd38780e42076599419265af183dc4b4", size = 53714, upload-time = "2026-07-06T17:36:40.308Z" },
]

[[package]]
name = "iniconfig"
version = "2.3.0"
source = { registry = "https://pypi.org/simple" }
sdist = { url = "https://files.pythonhosted.org/packages/72/34/14ca021ce8e5dfedc35312d08ba8bf51fdd999c576889fc2c24cb97f4f10/iniconfig-2.3.0.tar.gz", hash = "sha256:c76315c77db068650d49c5b56314774a7804df16fee4402c1f19d6d15d8c4730", size = 20503, upload-time = "2025-10-18T21:55:43.219Z" }
wheels = [
    { url = "https://files.pythonhosted.org/packages/cb/b1/3846dd7f199d53cb17f49cba7e651e9ce294d8497c8c150530ed11865bb8/iniconfig-2.3.0-py3-none-any.whl", hash = "sha256:f631c04d2c48c52b84d0d0549c99ff3859c98df65b3101406327ecc7d53fbf12", size = 7484, upload-time = "2025-10-18T21:55:41.639Z" },
]

[[package]]
name = "packaging"
version = "26.3"
source = { registry = "https://pypi.org/simple" }
sdist = { url = "https://files.pythonhosted.org/packages/7d/fa/3944b40b07da9ce895c0e6303a5ab7d53da063554f534556b134a54d6093/packaging-26.3.tar.gz", hash = "sha256:94edc256424af38762eb31306eed28beb9f0efc50a8837492c9d6fd6004aed79", size = 313412, upload-time = "2026-08-04T18:15:28.737Z" }
wheels = [
    { url = "https://files.pythonhosted.org/packages/63/34/ba1c580383c9eada3711951fef0795c80b829a078d72188184bcab9dd527/packaging-26.3-py3-none-any.whl", hash = "sha256:d7193f7c8e4e93f444fde0262bf90af30e16fa0ad0ad44cb553c87339b23cd1c", size = 129956, upload-time = "2026-08-04T18:15:27.159Z" },
]

[[package]]
name = "pluggy"
version = "1.6.0"
source = { registry = "https://pypi.org/simple" }
sdist = { url = "https://files.pythonhosted.org/packages/f9/e2/3e91f31a7d2b083fe6ef3fa267035b518369d9511ffab804f839851d2779/pluggy-1.6.0.tar.gz", hash = "sha256:7dcc130b76258d33b90f61b658791dede3486c3e6bfb003ee5c9bfb396dd22f3", size = 69412, upload-time = "2025-05-15T12:30:07.975Z" }
wheels = [
    { url = "https://files.pythonhosted.org/packages/54/20/4d324d65cc6d9205fabedc306948156824eb9f0ee1633355a8f7ec5c66bf/pluggy-1.6.0-py3-none-any.whl", hash = "sha256:e920276dd6813095e9377c0bc5566d94c932c33b27a3e3945d8389c374dd4746", size = 20538, upload-time = "2025-05-15T12:30:06.134Z" },
]

[[package]]
name = "pyarrow"
version = "25.0.1"
source = { registry = "https://pypi.org/simple" }
sdist = { url = "https://files.pythonhosted.org/packages/3d/e3/27f57f80141379d60defe6703eb50a707325706f07fedfd1312c7a751995/pyarrow-25.0.1.tar.gz", hash = "sha256:9150a83248bfed9813ea3c3af74c3856c1984d444aa28e58bf7733b9750ddf6a", size = 1201653, upload-time = "2026-08-10T12:40:53.904Z" }
wheels = [
    { url = "https://files.pythonhosted.org/packages/a6/e2/9ab15b88cbfac28e16419ce5439ec29234c5172cb8259301b4ba639bdec0/pyarrow-25.0.1-cp312-cp312-macosx_12_0_arm64.whl", hash = "sha256:df961f2e7ae9cf496459259d798652c70625f6c080650d6952f8c04053c58ee9", size = 35861559, upload-time = "2026-08-10T12:38:02.567Z" },
    { url = "https://files.pythonhosted.org/packages/58/79/a0036dbe1eabe1f73127427342f1d99982584c4a2cde2651d6c93499c6f6/pyarrow-25.0.1-cp312-cp312-macosx_12_0_x86_64.whl", hash = "sha256:cc4aa407fde9fc660be3939e49ea31f50f3e9fec17c0ec63159f7711edd3efc9", size = 37628383, upload-time = "2026-08-10T12:38:09.083Z" },
    { url = "https://files.pythonhosted.org/packages/13/49/d93a57d375f4bf0cf82913dd6bb54acafde83dd993be2282c81ac5616cad/pyarrow-25.0.1-cp312-cp312-manylinux_2_28_aarch64.whl", hash = "sha256:4340f0ba6c1d2e13f21658de1d7c662ca2545018568d0030a1e9afca159d87e3", size = 46820190, upload-time = "2026-08-10T12:38:15.458Z" },
    { url = "https://files.pythonhosted.org/packages/60/c9/711ca85d79f1ec98f29a5eae2b051e25b4ecec5de3e3c0e2d5c5dcb15664/pyarrow-25.0.1-cp312-cp312-manylinux_2_28_x86_64.whl", hash = "sha256:5389cdf79447ed1515c9e31620e6e1e2302249564d603f2ad727d4f6d313e4c3", size = 50102437, upload-time = "2026-08-10T12:38:22.487Z" },
    { url = "https://files.pythonhosted.org/packages/80/53/8fb8359ff17cfb6263a1cf3ebf7caec9fe197de118719e84fcb1d0618026/pyarrow-25.0.1-cp312-cp312-musllinux_1_2_aarch64.whl", hash = "sha256:d51592cb7561e87877c506113e7adbf1342ab579e6c21f0ef44b8ba41cb74c80", size = 49942424, upload-time = "2026-08-10T12:38:28.755Z" },
    { url = "https://files.pythonhosted.org/packages/e8/83/4e5ae02a9341571b18a6fca380ac7a58ce6ddae7ab3c060208c0a1e79f02/pyarrow-25.0.1-cp312-cp312-musllinux_1_2_x86_64.whl", hash = "sha256:6109c94d8b9f3b17a041daca16cacb2f651ad8f1ef70a4232c2c0f37a23da2a8", size = 53144206, upload-time = "2026-08-10T12:38:34.862Z" },
    { url = "https://files.pythonhosted.org/packages/65/ee/197cbf47e49f83e6ebeb946a5259a48a638dea27ac774db42fe78022179d/pyarrow-25.0.1-cp312-cp312-win_amd64.whl", hash = "sha256:8858d7bfc22e3f51529aeaa4077225029724623e4595dc9eff8c793935c34140", size = 27953934, upload-time = "2026-08-10T12:38:39.808Z" },
]

[[package]]
name = "pygments"
version = "2.20.0"
source = { registry = "https://pypi.org/simple" }
sdist = { url = "https://files.pythonhosted.org/packages/c3/b2/bc9c9196916376152d655522fdcebac55e66de6603a76a02bca1b6414f6c/pygments-2.20.0.tar.gz", hash = "sha256:6757cd03768053ff99f3039c1a36d6c0aa0b263438fcab17520b30a303a82b5f", size = 4955991, upload-time = "2026-03-29T13:29:33.898Z" }
wheels = [
    { url = "https://files.pythonhosted.org/packages/f4/7e/a72dd26f3b0f4f2bf1dd8923c85f7ceb43172af56d63c7383eb62b332364/pygments-2.20.0-py3-none-any.whl", hash = "sha256:81a9e26dd42fd28a23a2d169d86d7ac03b46e2f8b59ed4698fb4785f946d0176", size = 1231151, upload-time = "2026-03-29T13:29:30.038Z" },
]

[[package]]
name = "pytest"
version = "9.1.1"
source = { registry = "https://pypi.org/simple" }
dependencies = [
    { name = "colorama", marker = "sys_platform == 'win32'" },
    { name = "iniconfig" },
    { name = "packaging" },
    { name = "pluggy" },
    { name = "pygments" },
]
sdist = { url = "https://files.pythonhosted.org/packages/e4/47/b9efed96c114afcfa3c9d3fe98a76a1d14c74a9e266d397cf6eb64be5e01/pytest-9.1.1.tar.gz", hash = "sha256:1088fbde8f2b49d95a549a195707afa7a76a3ce9bcadc26b6d71f0ffda5fe313", size = 1636369, upload-time = "2026-06-19T10:58:32.857Z" }
wheels = [
    { url = "https://files.pythonhosted.org/packages/24/25/1de2678b631f5a49215c6c96fff41ba892b0a34df68d6d80292b1b48aa7f/pytest-9.1.1-py3-none-any.whl", hash = "sha256:37a86b45efb9a47a61a36449063e8e18d0cab3161329fc099eb21783169c4f0c", size = 386536, upload-time = "2026-06-19T10:58:31.347Z" },
]

[[package]]
name = "typing-extensions"
version = "4.16.0"
source = { registry = "https://pypi.org/simple" }
sdist = { url = "https://files.pythonhosted.org/packages/f6/cc/6253133b5bb138fc3306cebfbda2c520f545d36b5be2c7255cc528bb45d6/typing_extensions-4.16.0.tar.gz", hash = "sha256:dc983d19a509c94dba722ee6abd33940f7c05a89e243c47e907eb4db6f1a43e5", size = 113555, upload-time = "2026-07-02T08:40:05.92Z" }
wheels = [
    { url = "https://files.pythonhosted.org/packages/49/d3/b8441a820a491ddfc024b0b0cf0393375b75ea13866d9c66727e54c2fc80/typing_extensions-4.16.0-py3-none-any.whl", hash = "sha256:481caa481374e813c1b176ada14e97f1f67a4539ce9cfeb3f350d78d6370c2e8", size = 45571, upload-time = "2026-07-02T08:40:04.659Z" },
]
